
Microsoft Visual Studio Solution File, Format Version 12.00
# Visual Studio Version 17
VisualStudioVersion = 17.2.32516.85
MinimumVisualStudioVersion = 10.0.40219.1
Project("{FAE04EC0-301F-11D3-BF4B-00C04F79EFBC}") = "N-Puzzle-Solver", "ConsoleApp1\N-Puzzle-Solver.csproj", "{66F0BAE5-CF4A-4A83-9C3D-528C0FF6CC9D}"
EndProject
Project("{2150E333-8FDC-42A3-9474-1A3956D46DE8}") = "GUI", "GUI", "{261BDAFA-9793-4CB7-B20A-97C311483E85}"
	ProjectSection(SolutionItems) = preProject
		GUI\App.config = GUI\App.config
		GUI\Form1.cs = GUI\Form1.cs
		GUI\Form1.Designer.cs = GUI\Form1.Designer.cs
		GUI\Form1.resx = GUI\Form1.resx
		GUI\GUI.csproj = GUI\GUI.csproj
		GUI.sln = GUI.sln
		GUI\Node.cs = GUI\Node.cs
		GUI\PriorityQ.cs = GUI\PriorityQ.cs
		GUI\Program.cs = GUI\Program.cs
	EndProjectSection
EndProject
Project("{2150E333-8FDC-42A3-9474-1A3956D46DE8}") = "Solution Items", "Solution Items", "{3BDF8F20-A72D-437E-9D8F-56ECC123F41F}"
	ProjectSection(SolutionItems) = preProject
		.editorconfig = .editorconfig
	EndProjectSection
EndProject
Global
	GlobalSection(SolutionConfigurationPlatforms) = preSolution
		Debug|Any CPU = Debug|Any CPU
		Release|Any CPU = Release|Any CPU
	EndGlobalSection
	GlobalSection(ProjectConfigurationPlatforms) = postSolution
		{66F0BAE5-CF4A-4A83-9C3D-528C0FF6CC9D}.Debug|Any CPU.ActiveCfg = Debug|Any CPU
		{66F0BAE5-CF4A-4A83-9C3D-528C0FF6CC9D}.Debug|Any CPU.Build.0 = Debug|Any CPU
		{66F0BAE5-CF4A-4A83-9C3D-528C0FF6CC9D}.Release|Any CPU.ActiveCfg = Release|Any CPU
		{66F0BAE5-CF4A-4A83-9C3D-528C0FF6CC9D}.Release|Any CPU.Build.0 = Release|Any CPU
	EndGlobalSection
	GlobalSection(SolutionProperties) = preSolution
		HideSolutionNode = FALSE
	EndGlobalSection
	GlobalSection(ExtensibilityGlobals) = postSolution
		SolutionGuid = {B067E0E9-9A26-43EF-B700-FCB384E4584A}
	EndGlobalSection
EndGlobal
